
Microsoft Visual Studio Solution File, Format Version 12.00
# Visual Studio Version 17
VisualStudioVersion = 17.5.002.0
MinimumVisualStudioVersion = 10.0.40219.1
Project("{2150E333-8FDC-42A3-9474-1A3956D46DE8}") = "csharp-prep", "csharp-prep", "{734C695B-1587-4072-BC8E-4CE5C83351D9}"
EndProject
Project("{9A19103F-16F7-4668-BE54-9A1E7A4F7556}") = "Prep1", "csharp-prep\Prep1\Prep1.csproj", "{9A6A200A-0B27-470A-947C-0AF855ED6FAE}"
EndProject
Project("{9A19103F-16F7-4668-BE54-9A1E7A4F7556}") = "Prep2", "csharp-prep\Prep2\Prep2.csproj", "{4A7EA614-3CDC-4C03-A02E-121BB31B88DF}"
EndProject
Project("{9A19103F-16F7-4668-BE54-9A1E7A4F7556}") = "Prep3", "csharp-prep\Prep3\Prep3.csproj", "{14B963D2-5E78-4A1B-820B-1DC289B842E3}"
EndProject
Project("{9A19103F-16F7-4668-BE54-9A1E7A4F7556}") = "Prep4", "csharp-prep\Prep4\Prep4.csproj", "{707BD94F-54D6-4ADC-94DB-2EABDCF28BDD}"
EndProject
Project("{9A19103F-16F7-4668-BE54-9A1E7A4F7556}") = "Prep5", "csharp-prep\Prep5\Prep5.csproj", "{760F0657-5D2C-44B4-9CB0-C3D9B3217299}"
EndProject
Project("{2150E333-8FDC-42A3-9474-1A3956D46DE8}") = "final", "final", "{D55D5CCA-0551-46B4-9E26-ADE630423C39}"
EndProject
Project("{9A19103F-16F7-4668-BE54-9A1E7A4F7556}") = "FinalProject", "final\FinalProject\FinalProject.csproj", "{5C0276AA-266F-47B6-9AA3-7418CE72D978}"
EndProject
Project("{9A19103F-16F7-4668-BE54-9A1E7A4F7556}") = "Foundation1", "final\Foundation1\Foundation1.csproj", "{B70D6EF6-3BC3-4EBA-BF29-6F85A017498B}"
EndProject
Project("{9A19103F-16F7-4668-BE54-9A1E7A4F7556}") = "Foundation2", "final\Foundation2\Foundation2.csproj", "{46AB918B-961E-4296-A8C6-29E9E6EB6233}"
EndProject
Project("{9A19103F-16F7-4668-BE54-9A1E7A4F7556}") = "Foundation3", "final\Foundation3\Foundation3.csproj", "{9007CBE2-CF31-4040-B6E5-30407653C72A}"
EndProject
Project("{9A19103F-16F7-4668-BE54-9A1E7A4F7556}") = "Foundation4", "final\Foundation4\Foundation4.csproj", "{43FEE434-3862-4454-9375-D26E6F9A21B6}"
EndProject
Project("{2150E333-8FDC-42A3-9474-1A3956D46DE8}") = "prepare", "prepare", "{5084C854-B5F8-4908-AFC9-4D43314EC65A}"
EndProject
Project("{9A19103F-16F7-4668-BE54-9A1E7A4F7556}") = "Learning02", "prepare\Learning02\Learning02.csproj", "{7DE31014-E841-4B28-8871-000FFDA9104D}"
EndProject
Project("{9A19103F-16F7-4668-BE54-9A1E7A4F7556}") = "Learning03", "prepare\Learning03\Learning03.csproj", "{FF50A074-515E-4457-9595-971CE375BFCE}"
EndProject
Project("{9A19103F-16F7-4668-BE54-9A1E7A4F7556}") = "Learning04", "prepare\Learning04\Learning04.csproj", "{D6265873-FAFD-47E0-9D67-E51664E10FC7}"
EndProject
Project("{9A19103F-16F7-4668-BE54-9A1E7A4F7556}") = "Learning05", "prepare\Learning05\Learning05.csproj", "{373DAF5E-393F-4B1E-B9BC-1F65CF25B0A4}"
EndProject
Project("{2150E333-8FDC-42A3-9474-1A3956D46DE8}") = "prove", "prove", "{CC2838C7-A875-4530-95BA-90BE40BAE996}"
EndProject
Project("{9A19103F-16F7-4668-BE54-9A1E7A4F7556}") = "Develop02", "prove\Develop02\Develop02.csproj", "{5F0E4391-7097-4A5C-A6E9-123C37AA3266}"
EndProject
Project("{9A19103F-16F7-4668-BE54-9A1E7A4F7556}") = "Develop03", "prove\Develop03\Develop03.csproj", "{4D335781-0D29-4BA5-BA03-893F5AB4B80C}"
EndProject
Project("{9A19103F-16F7-4668-BE54-9A1E7A4F7556}") = "Develop04", "prove\Develop04\Develop04.csproj", "{D241EC07-7897-46CA-A864-371AACBF099F}"
EndProject
Project("{9A19103F-16F7-4668-BE54-9A1E7A4F7556}") = "Develop05", "prove\Develop05\Develop05.csproj", "{3B344D2C-A8A6-44D2-B9CD-AAEA8321BE94}"
EndProject
Project("{2150E333-8FDC-42A3-9474-1A3956D46DE8}") = "sandbox", "sandbox", "{4B0446FD-670A-47B2-9C6B-A948EDD212DC}"
EndProject
Project("{9A19103F-16F7-4668-BE54-9A1E7A4F7556}") = "Sandbox", "sandbox\Sandbox\Sandbox.csproj", "{0422E85E-36DB-4946-9D43-781C8C20DD02}"
EndProject
Global
	GlobalSection(SolutionConfigurationPlatforms) = preSolution
		Debug|Any CPU = Debug|Any CPU
		Release|Any CPU = Release|Any CPU
	EndGlobalSection
	GlobalSection(ProjectConfigurationPlatforms) = postSolution
		{9A6A200A-0B27-470A-947C-0AF855ED6FAE}.Debug|Any CPU.ActiveCfg = Debug|Any CPU
		{9A6A200A-0B27-470A-947C-0AF855ED6FAE}.Debug|Any CPU.Build.0 = Debug|Any CPU
		{9A6A200A-0B27-470A-947C-0AF855ED6FAE}.Release|Any CPU.ActiveCfg = Release|Any CPU
		{9A6A200A-0B27-470A-947C-0AF855ED6FAE}.Release|Any CPU.Build.0 = Release|Any CPU
		{4A7EA614-3CDC-4C03-A02E-121BB31B88DF}.Debug|Any CPU.ActiveCfg = Debug|Any CPU
		{4A7EA614-3CDC-4C03-A02E-121BB31B88DF}.Debug|Any CPU.Build.0 = Debug|Any CPU
		{4A7EA614-3CDC-4C03-A02E-121BB31B88DF}.Release|Any CPU.ActiveCfg = Release|Any CPU
		{4A7EA614-3CDC-4C03-A02E-121BB31B88DF}.Release|Any CPU.Build.0 = Release|Any CPU
		{14B963D2-5E78-4A1B-820B-1DC289B842E3}.Debug|Any CPU.ActiveCfg = Debug|Any CPU
		{14B963D2-5E78-4A1B-820B-1DC289B842E3}.Debug|Any CPU.Build.0 = Debug|Any CPU
		{14B963D2-5E78-4A1B-820B-1DC289B842E3}.Release|Any CPU.ActiveCfg = Release|Any CPU
		{14B963D2-5E78-4A1B-820B-1DC289B842E3}.Release|Any CPU.Build.0 = Release|Any CPU
		{707BD94F-54D6-4ADC-94DB-2EABDCF28BDD}.Debug|Any CPU.ActiveCfg = Debug|Any CPU
		{707BD94F-54D6-4ADC-94DB-2EABDCF28BDD}.Debug|Any CPU.Build.0 = Debug|Any CPU
		{707BD94F-54D6-4ADC-94DB-2EABDCF28BDD}.Release|Any CPU.ActiveCfg = Release|Any CPU
		{707BD94F-54D6-4ADC-94DB-2EABDCF28BDD}.Release|Any CPU.Build.0 = Release|Any CPU
		{760F0657-5D2C-44B4-9CB0-C3D9B3217299}.Debug|Any CPU.ActiveCfg = Debug|Any CPU
		{760F0657-5D2C-44B4-9CB0-C3D9B3217299}.Debug|Any CPU.Build.0 = Debug|Any CPU
		{760F0657-5D2C-44B4-9CB0-C3D9B3217299}.Release|Any CPU.ActiveCfg = Release|Any CPU
		{760F0657-5D2C-44B4-9CB0-C3D9B3217299}.Release|Any CPU.Build.0 = Release|Any CPU
		{5C0276AA-266F-47B6-9AA3-7418CE72D978}.Debug|Any CPU.ActiveCfg = Debug|Any CPU
		{5C0276AA-266F-47B6-9AA3-7418CE72D978}.Debug|Any CPU.Build.0 = Debug|Any CPU
		{5C0276AA-266F-47B6-9AA3-7418CE72D978}.Release|Any CPU.ActiveCfg = Release|Any CPU
		{5C0276AA-266F-47B6-9AA3-7418CE72D978}.Release|Any CPU.Build.0 = Release|Any CPU
		{B70D6EF6-3BC3-4EBA-BF29-6F85A017498B}.Debug|Any CPU.ActiveCfg = Debug|Any CPU
		{B70D6EF6-3BC3-4EBA-BF29-6F85A017498B}.Debug|Any CPU.Build.0 = Debug|Any CPU
		{B70D6EF6-3BC3-4EBA-BF29-6F85A017498B}.Release|Any CPU.ActiveCfg = Release|Any CPU
		{B70D6EF6-3BC3-4EBA-BF29-6F85A017498B}.Release|Any CPU.Build.0 = Release|Any CPU
		{46AB918B-961E-4296-A8C6-29E9E6EB6233}.Debug|Any CPU.ActiveCfg = Debug|Any CPU
		{46AB918B-961E-4296-A8C6-29E9E6EB6233}.Debug|Any CPU.Build.0 = Debug|Any CPU
		{46AB918B-961E-4296-A8C6-29E9E6EB6233}.Release|Any CPU.ActiveCfg = Release|Any CPU
		{46AB918B-961E-4296-A8C6-29E9E6EB6233}.Release|Any CPU.Build.0 = Release|Any CPU
		{9007CBE2-CF31-4040-B6E5-30407653C72A}.Debug|Any CPU.ActiveCfg = Debug|Any CPU
		{9007CBE2-CF31-4040-B6E5-30407653C72A}.Debug|Any CPU.Build.0 = Debug|Any CPU
		{9007CBE2-CF31-4040-B6E5-30407653C72A}.Release|Any CPU.ActiveCfg = Release|Any CPU
		{9007CBE2-CF31-4040-B6E5-30407653C72A}.Release|Any CPU.Build.0 = Release|Any CPU
		{43FEE434-3862-4454-9375-D26E6F9A21B6}.Debug|Any CPU.ActiveCfg = Debug|Any CPU
		{43FEE434-3862-4454-9375-D26E6F9A21B6}.Debug|Any CPU.Build.0 = Debug|Any CPU
		{43FEE434-3862-4454-9375-D26E6F9A21B6}.Release|Any CPU.ActiveCfg = Release|Any CPU
		{43FEE434-3862-4454-9375-D26E6F9A21B6}.Release|Any CPU.Build.0 = Release|Any CPU
		{7DE31014-E841-4B28-8871-000FFDA9104D}.Debug|Any CPU.ActiveCfg = Debug|Any CPU
		{7DE31014-E841-4B28-8871-000FFDA9104D}.Debug|Any CPU.Build.0 = Debug|Any CPU
		{7DE31014-E841-4B28-8871-000FFDA9104D}.Release|Any CPU.ActiveCfg = Release|Any CPU
		{7DE31014-E841-4B28-8871-000FFDA9104D}.Release|Any CPU.Build.0 = Release|Any CPU
		{FF50A074-515E-4457-9595-971CE375BFCE}.Debug|Any CPU.ActiveCfg = Debug|Any CPU
		{FF50A074-515E-4457-9595-971CE375BFCE}.Debug|Any CPU.Build.0 = Debug|Any CPU
		{FF50A074-515E-4457-9595-971CE375BFCE}.Release|Any CPU.ActiveCfg = Release|Any CPU
		{FF50A074-515E-4457-9595-971CE375BFCE}.Release|Any CPU.Build.0 = Release|Any CPU
		{D6265873-FAFD-47E0-9D67-E51664E10FC7}.Debug|Any CPU.ActiveCfg = Debug|Any CPU
		{D6265873-FAFD-47E0-9D67-E51664E10FC7}.Debug|Any CPU.Build.0 = Debug|Any CPU
		{D6265873-FAFD-47E0-9D67-E51664E10FC7}.Release|Any CPU.ActiveCfg = Release|Any CPU
		{D6265873-FAFD-47E0-9D67-E51664E10FC7}.Release|Any CPU.Build.0 = Release|Any CPU
		{373DAF5E-393F-4B1E-B9BC-1F65CF25B0A4}.Debug|Any CPU.ActiveCfg = Debug|Any CPU
		{373DAF5E-393F-4B1E-B9BC-1F65CF25B0A4}.Debug|Any CPU.Build.0 = Debug|Any CPU
		{373DAF5E-393F-4B1E-B9BC-1F65CF25B0A4}.Release|Any CPU.ActiveCfg = Release|Any CPU
		{373DAF5E-393F-4B1E-B9BC-1F65CF25B0A4}.Release|Any CPU.Build.0 = Release|Any CPU
		{5F0E4391-7097-4A5C-A6E9-123C37AA3266}.Debug|Any CPU.ActiveCfg = Debug|Any CPU
		{5F0E4391-7097-4A5C-A6E9-123C37AA3266}.Debug|Any CPU.Build.0 = Debug|Any CPU
		{5F0E4391-7097-4A5C-A6E9-123C37AA3266}.Release|Any CPU.ActiveCfg = Release|Any CPU
		{5F0E4391-7097-4A5C-A6E9-123C37AA3266}.Release|Any CPU.Build.0 = Release|Any CPU
		{4D335781-0D29-4BA5-BA03-893F5AB4B80C}.Debug|Any CPU.ActiveCfg = Debug|Any CPU
		{4D335781-0D29-4BA5-BA03-893F5AB4B80C}.Debug|Any CPU.Build.0 = Debug|Any CPU
		{4D335781-0D29-4BA5-BA03-893F5AB4B80C}.Release|Any CPU.ActiveCfg = Release|Any CPU
		{4D335781-0D29-4BA5-BA03-893F5AB4B80C}.Release|Any CPU.Build.0 = Release|Any CPU
		{D241EC07-7897-46CA-A864-371AACBF099F}.Debug|Any CPU.ActiveCfg = Debug|Any CPU
		{D241EC07-7897-46CA-A864-371AACBF099F}.Debug|Any CPU.Build.0 = Debug|Any CPU
		{D241EC07-7897-46CA-A864-371AACBF099F}.Release|Any CPU.ActiveCfg = Release|Any CPU
		{D241EC07-7897-46CA-A864-371AACBF099F}.Release|Any CPU.Build.0 = Release|Any CPU
		{3B344D2C-A8A6-44D2-B9CD-AAEA8321BE94}.Debug|Any CPU.ActiveCfg = Debug|Any CPU
		{3B344D2C-A8A6-44D2-B9CD-AAEA8321BE94}.Debug|Any CPU.Build.0 = Debug|Any CPU
		{3B344D2C-A8A6-44D2-B9CD-AAEA8321BE94}.Release|Any CPU.ActiveCfg = Release|Any CPU
		{3B344D2C-A8A6-44D2-B9CD-AAEA8321BE94}.Release|Any CPU.Build.0 = Release|Any CPU
		{0422E85E-36DB-4946-9D43-781C8C20DD02}.Debug|Any CPU.ActiveCfg = Debug|Any CPU
		{0422E85E-36DB-4946-9D43-781C8C20DD02}.Debug|Any CPU.Build.0 = Debug|Any CPU
		{0422E85E-36DB-4946-9D43-781C8C20DD02}.Release|Any CPU.ActiveCfg = Release|Any CPU
		{0422E85E-36DB-4946-9D43-781C8C20DD02}.Release|Any CPU.Build.0 = Release|Any CPU
	EndGlobalSection
	GlobalSection(SolutionProperties) = preSolution
		HideSolutionNode = FALSE
	EndGlobalSection
	GlobalSection(NestedProjects) = preSolution
		{9A6A200A-0B27-470A-947C-0AF855ED6FAE} = {734C695B-1587-4072-BC8E-4CE5C83351D9}
		{4A7EA614-3CDC-4C03-A02E-121BB31B88DF} = {734C695B-1587-4072-BC8E-4CE5C83351D9}
		{14B963D2-5E78-4A1B-820B-1DC289B842E3} = {734C695B-1587-4072-BC8E-4CE5C83351D9}
		{707BD94F-54D6-4ADC-94DB-2EABDCF28BDD} = {734C695B-1587-4072-BC8E-4CE5C83351D9}
		{760F0657-5D2C-44B4-9CB0-C3D9B3217299} = {734C695B-1587-4072-BC8E-4CE5C83351D9}
		{5C0276AA-266F-47B6-9AA3-7418CE72D978} = {D55D5CCA-0551-46B4-9E26-ADE630423C39}
		{B70D6EF6-3BC3-4EBA-BF29-6F85A017498B} = {D55D5CCA-0551-46B4-9E26-ADE630423C39}
		{46AB918B-961E-4296-A8C6-29E9E6EB6233} = {D55D5CCA-0551-46B4-9E26-ADE630423C39}
		{9007CBE2-CF31-4040-B6E5-30407653C72A} = {D55D5CCA-0551-46B4-9E26-ADE630423C39}
		{43FEE434-3862-4454-9375-D26E6F9A21B6} = {D55D5CCA-0551-46B4-9E26-ADE630423C39}
		{7DE31014-E841-4B28-8871-000FFDA9104D} = {5084C854-B5F8-4908-AFC9-4D43314EC65A}
		{FF50A074-515E-4457-9595-971CE375BFCE} = {5084C854-B5F8-4908-AFC9-4D43314EC65A}
		{D6265873-FAFD-47E0-9D67-E51664E10FC7} = {5084C854-B5F8-4908-AFC9-4D43314EC65A}
		{373DAF5E-393F-4B1E-B9BC-1F65CF25B0A4} = {5084C854-B5F8-4908-AFC9-4D43314EC65A}
		{5F0E4391-7097-4A5C-A6E9-123C37AA3266} = {CC2838C7-A875-4530-95BA-90BE40BAE996}
		{4D335781-0D29-4BA5-BA03-893F5AB4B80C} = {CC2838C7-A875-4530-95BA-90BE40BAE996}
		{D241EC07-7897-46CA-A864-371AACBF099F} = {CC2838C7-A875-4530-95BA-90BE40BAE996}
		{3B344D2C-A8A6-44D2-B9CD-AAEA8321BE94} = {CC2838C7-A875-4530-95BA-90BE40BAE996}
		{0422E85E-36DB-4946-9D43-781C8C20DD02} = {4B0446FD-670A-47B2-9C6B-A948EDD212DC}
	EndGlobalSection
	GlobalSection(ExtensibilityGlobals) = postSolution
		SolutionGuid = {EA8DCEBB-1700-40F5-BB78-C2489E52AD52}
	EndGlobalSection
EndGlobal
